
Microsoft Visual Studio Solution File, Format Version 12.00
# Visual Studio 15
Project("{FAE04EC0-301F-11D3-BF4B-00C04F79EFBC}") = "Hemenİn", "Hemenİn.csproj", "{AF60CF01-0CB8-4B8A-9D07-9BF01009366D}"
EndProject
Project("{FAE04EC0-301F-11D3-BF4B-00C04F79EFBC}") = "Hemenİn.Plugins", "Hemenİn.Plugins.csproj", "{06ABE14D-9400-7CBC-2E49-447B974A3229}"
EndProject
Project("{FAE04EC0-301F-11D3-BF4B-00C04F79EFBC}") = "Hemenİn.Editor.Plugins", "Hemenİn.Editor.Plugins.csproj", "{F823E795-3AC8-AF86-2097-CB144F9DB3BD}"
EndProject
Global
	GlobalSection(SolutionConfigurationPlatforms) = preSolution
		Debug|Any CPU = Debug|Any CPU
		Release|Any CPU = Release|Any CPU
	EndGlobalSection
	GlobalSection(ProjectConfigurationPlatforms) = postSolution
		{AF60CF01-0CB8-4B8A-9D07-9BF01009366D}.Debug|Any CPU.ActiveCfg = Debug|Any CPU
		{AF60CF01-0CB8-4B8A-9D07-9BF01009366D}.Debug|Any CPU.Build.0 = Debug|Any CPU
		{AF60CF01-0CB8-4B8A-9D07-9BF01009366D}.Release|Any CPU.ActiveCfg = Release|Any CPU
		{AF60CF01-0CB8-4B8A-9D07-9BF01009366D}.Release|Any CPU.Build.0 = Release|Any CPU
		{06ABE14D-9400-7CBC-2E49-447B974A3229}.Debug|Any CPU.ActiveCfg = Debug|Any CPU
		{06ABE14D-9400-7CBC-2E49-447B974A3229}.Debug|Any CPU.Build.0 = Debug|Any CPU
		{06ABE14D-9400-7CBC-2E49-447B974A3229}.Release|Any CPU.ActiveCfg = Release|Any CPU
		{06ABE14D-9400-7CBC-2E49-447B974A3229}.Release|Any CPU.Build.0 = Release|Any CPU
		{F823E795-3AC8-AF86-2097-CB144F9DB3BD}.Debug|Any CPU.ActiveCfg = Debug|Any CPU
		{F823E795-3AC8-AF86-2097-CB144F9DB3BD}.Debug|Any CPU.Build.0 = Debug|Any CPU
		{F823E795-3AC8-AF86-2097-CB144F9DB3BD}.Release|Any CPU.ActiveCfg = Release|Any CPU
		{F823E795-3AC8-AF86-2097-CB144F9DB3BD}.Release|Any CPU.Build.0 = Release|Any CPU
	EndGlobalSection
	GlobalSection(SolutionProperties) = preSolution
		HideSolutionNode = FALSE
	EndGlobalSection
EndGlobal
